{
  "version": 1,
  "package": [
    {
      "name": "jwc-redis",
      "version": "0.1.0",
      "source": "registry+https://registry-jwc.1kb.uz/",
      "checksum": "sha256:457bba3631d4df8bfb0e4c77cd06078166866a562bd77c599aa13705485483fa"
    },
    {
      "name": "qr-lite",
      "version": "0.3.0",
      "source": "registry+https://registry-jwc.1kb.uz/",
      "checksum": "sha256:9a1aeec43985c5703d0004b4bacf1569c4cb8248e463504e0be822f805118f41"
    }
  ]
}
